
Microsoft Visual Studio Solution File, Format Version 12.00
# Visual Studio 15
VisualStudioVersion = 15.0.28307.1831
MinimumVisualStudioVersion = 10.0.40219.1
Project("{FAE04EC0-301F-11D3-BF4B-00C04F79EFBC}") = "ProyectoDePruebaHoy", "ProyectoDePruebaHoy\ProyectoDePruebaHoy.csproj", "{5C7F9F89-FDBC-499E-A693-B1EC6D8D8DE1}"
EndProject
Global
	GlobalSection(SolutionConfigurationPlatforms) = preSolution
		Debug|Any CPU = Debug|Any CPU
		Release|Any CPU = Release|Any CPU
	EndGlobalSection
	GlobalSection(ProjectConfigurationPlatforms) = postSolution
		{5C7F9F89-FDBC-499E-A693-B1EC6D8D8DE1}.Debug|Any CPU.ActiveCfg = Debug|Any CPU
		{5C7F9F89-FDBC-499E-A693-B1EC6D8D8DE1}.Debug|Any CPU.Build.0 = Debug|Any CPU
		{5C7F9F89-FDBC-499E-A693-B1EC6D8D8DE1}.Release|Any CPU.ActiveCfg = Release|Any CPU
		{5C7F9F89-FDBC-499E-A693-B1EC6D8D8DE1}.Release|Any CPU.Build.0 = Release|Any CPU
	EndGlobalSection
	GlobalSection(SolutionProperties) = preSolution
		HideSolutionNode = FALSE
	EndGlobalSection
	GlobalSection(ExtensibilityGlobals) = postSolution
		SolutionGuid = {E055A60C-FAE6-452E-A097-536A05F1FC1D}
	EndGlobalSection
EndGlobal
